<?xml version="1.0" encoding="UTF-8"?>
<Project ToolsVersion="14.0" xmlns="http://schemas.microsoft.com/developer/msbuild/2003">
  <ItemGroup>
    <ClCompile Include="C:\Users\mathu\Downloads\libjpeg-turbo\turbojpeg.c">
      <Filter>Source Files</Filter>
    </ClCompile>
    <ClCompile Include="C:\Users\mathu\Downloads\libjpeg-turbo\transupp.c">
      <Filter>Source Files</Filter>
    </ClCompile>
    <ClCompile Include="C:\Users\mathu\Downloads\libjpeg-turbo\jdatadst-tj.c">
      <Filter>Source Files</Filter>
    </ClCompile>
    <ClCompile Include="C:\Users\mathu\Downloads\libjpeg-turbo\jdatasrc-tj.c">
      <Filter>Source Files</Filter>
    </ClCompile>
  </ItemGroup>
  <ItemGroup>
    <CustomBuild Include="C:\Users\mathu\Downloads\libjpeg-turbo\CMakeLists.txt" />
  </ItemGroup>
  <ItemGroup>
    <Filter Include="Source Files">
      <UniqueIdentifier>{82078CB9-EB96-3EC8-B401-EAAE90D99D98}</UniqueIdentifier>
    </Filter>
  </ItemGroup>
</Project>
